# THIS IS AN AUTOGENERATED FILE. DO NOT EDIT THIS FILE DIRECTLY.
# yarn lockfile v1


"@bcoe/v8-coverage@^0.2.3":
  version "0.2.3"
  resolved "https://registry.yarnpkg.com/@bcoe/v8-coverage/-/v8-coverage-0.2.3.tgz#75a2e8b51cb758a7553d6804a5932d7aace75c39"
  integrity sha512-0hYQ8SB4Db5zvZB4axdMHGwEaQjkZzFjQiN9LVYvIFB2nSUHW9tYpxWriPrWDASIxiaXax83REcLxuSdnGPZtw==

"@istanbuljs/schema@^0.1.2":
  version "0.1.2"
  resolved "https://registry.yarnpkg.com/@istanbuljs/schema/-/schema-0.1.2.tgz#26520bf09abe4a5644cd5414e37125a8954241dd"
  integrity sha512-tsAQNx32a8CoFhjhijUIhI4kccIAgmGhy8LZMZgGfmXcpMbPRUqn5LWmgRttILi6yeGmBJd2xsPkFMs0PzgPCw==

"@jsspec/cli-options@0.0.8":
  version "0.0.8"
  resolved "https://registry.yarnpkg.com/@jsspec/cli-options/-/cli-options-0.0.8.tgz#ac0d0614c3e835761ee46fdc9d29b4682a234003"
  integrity sha512-rC36wLsZIgcorEiXlvhSlA2nt4VhLMHd6MvUnhi8+9WQje5z75/c8FOBcBd9uwUTKhBXqhk1jeCRWuGaKXv+8Q==

"@jsspec/format@^0.1.7":
  version "0.1.7"
  resolved "https://registry.yarnpkg.com/@jsspec/format/-/format-0.1.7.tgz#25b8802688917960b235e2eda386675bb6006c25"
  integrity sha512-+PrPyvfAvwzVrqNf7/+Jkbxkq3jME+2KhhvK0Nq9Lq82xGpF7J3SrnMqVDW0SL1ZHtdyYwjiP0gjDwrc1RNJgQ==
  dependencies:
    diff "^5.0.0"

"@sinonjs/commons@^1", "@sinonjs/commons@^1.6.0", "@sinonjs/commons@^1.7.0", "@sinonjs/commons@^1.8.1":
  version "1.8.1"
  resolved "https://registry.yarnpkg.com/@sinonjs/commons/-/commons-1.8.1.tgz#e7df00f98a203324f6dc7cc606cad9d4a8ab2217"
  integrity sha512-892K+kWUUi3cl+LlqEWIDrhvLgdL79tECi8JZUyq6IviKy/DNhuzCRlbHUjxK89f4ypPMMaFnFuR9Ie6DoIMsw==
  dependencies:
    type-detect "4.0.8"

"@sinonjs/fake-timers@^6.0.0", "@sinonjs/fake-timers@^6.0.1":
  version "6.0.1"
  resolved "https://registry.yarnpkg.com/@sinonjs/fake-timers/-/fake-timers-6.0.1.tgz#293674fccb3262ac782c7aadfdeca86b10c75c40"
  integrity sha512-MZPUxrmFubI36XS1DI3qmI0YdN1gks62JtFZvxR67ljjSNCeK6U08Zx4msEWOXuofgqUt6zPHSi1H9fbjR/NRA==
  dependencies:
    "@sinonjs/commons" "^1.7.0"

"@sinonjs/formatio@^5.0.1":
  version "5.0.1"
  resolved "https://registry.yarnpkg.com/@sinonjs/formatio/-/formatio-5.0.1.tgz#f13e713cb3313b1ab965901b01b0828ea6b77089"
  integrity sha512-KaiQ5pBf1MpS09MuA0kp6KBQt2JUOQycqVG1NZXvzeaXe5LGFqAKueIS0bw4w0P9r7KuBSVdUk5QjXsUdu2CxQ==
  dependencies:
    "@sinonjs/commons" "^1"
    "@sinonjs/samsam" "^5.0.2"

"@sinonjs/samsam@^5.0.2", "@sinonjs/samsam@^5.2.0":
  version "5.3.0"
  resolved "https://registry.yarnpkg.com/@sinonjs/samsam/-/samsam-5.3.0.tgz#1d2f0743dc54bf13fe9d508baefacdffa25d4329"
  integrity sha512-hXpcfx3aq+ETVBwPlRFICld5EnrkexXuXDwqUNhDdr5L8VjvMeSRwyOa0qL7XFmR+jVWR4rUZtnxlG7RX72sBg==
  dependencies:
    "@sinonjs/commons" "^1.6.0"
    lodash.get "^4.4.2"
    type-detect "^4.0.8"

"@sinonjs/text-encoding@^0.7.1":
  version "0.7.1"
  resolved "https://registry.yarnpkg.com/@sinonjs/text-encoding/-/text-encoding-0.7.1.tgz#8da5c6530915653f3a1f38fd5f101d8c3f8079c5"
  integrity sha512-+iTbntw2IZPb/anVDbypzfQa+ay64MW0Zo8aJ8gZPWMMK6/OubMVb6lUPMagqjOPnmtauXnFCACVl3O7ogjeqQ==

"@types/is-windows@^1.0.0":
  version "1.0.0"
  resolved "https://registry.yarnpkg.com/@types/is-windows/-/is-windows-1.0.0.tgz#1011fa129d87091e2f6faf9042d6704cdf2e7be0"
  integrity sha512-tJ1rq04tGKuIJoWIH0Gyuwv4RQ3+tIu7wQrC0MV47raQ44kIzXSSFKfrxFUOWVRvesoF7mrTqigXmqoZJsXwTg==

"@types/istanbul-lib-coverage@^2.0.1":
  version "2.0.3"
  resolved "https://registry.yarnpkg.com/@types/istanbul-lib-coverage/-/istanbul-lib-coverage-2.0.3.tgz#4ba8ddb720221f432e443bd5f9117fd22cfd4762"
  integrity sha512-sz7iLqvVUg1gIedBOvlkxPlc8/uVzyS5OwGz1cKjXzkl3FpL3al0crU8YGU1WoHkxn0Wxbw5tyi6hvzJKNzFsw==

ansi-regex@^5.0.0:
  version "5.0.0"
  resolved "https://registry.yarnpkg.com/ansi-regex/-/ansi-regex-5.0.0.tgz#388539f55179bf39339c81af30a654d69f87cb75"
  integrity sha512-bY6fj56OUQ0hU1KjFNDQuJFezqKdrAyFdIevADiqrWHwSlbmBNMHp5ak2f40Pm8JTFyM2mqxkG6ngkHO11f/lg==

ansi-styles@^4.0.0:
  version "4.3.0"
  resolved "https://registry.yarnpkg.com/ansi-styles/-/ansi-styles-4.3.0.tgz#edd803628ae71c04c85ae7a0906edad34b648937"
  integrity sha512-zbB9rCJAT1rbjiVDb2hqKFHNYLxgtk8NURxZ3IZwD3F6NtxbXZQCnnSi1Lkx+IDohdPlFp222wVALIheZJQSEg==
  dependencies:
    color-convert "^2.0.1"

assertion-error@^1.1.0:
  version "1.1.0"
  resolved "https://registry.yarnpkg.com/assertion-error/-/assertion-error-1.1.0.tgz#e60b6b0e8f301bd97e5375215bda406c85118c0b"
  integrity sha512-jgsaNduz+ndvGyFt3uSuWqvy4lCnIJiovtouQN5JZHOKCS2QuhEdbcQHFhVksz2N2U9hXJo8odG7ETyWlEeuDw==

balanced-match@^1.0.0:
  version "1.0.0"
  resolved "https://registry.yarnpkg.com/balanced-match/-/balanced-match-1.0.0.tgz#89b4d199ab2bee49de164ea02b89ce462d71b767"
  integrity sha1-ibTRmasr7kneFk6gK4nORi1xt2c=

brace-expansion@^1.1.7:
  version "1.1.11"
  resolved "https://registry.yarnpkg.com/brace-expansion/-/brace-expansion-1.1.11.tgz#3c7fcbf529d87226f3d2f52b966ff5271eb441dd"
  integrity sha512-iCuPHDFgrHX7H2vEI/5xpz07zSHB00TpugqhmYtVmMO6518mCuRMoOYFldEBl0g187ufozdaHgWKcYFb61qGiA==
  dependencies:
    balanced-match "^1.0.0"
    concat-map "0.0.1"

c8@^7.3.5:
  version "7.3.5"
  resolved "https://registry.yarnpkg.com/c8/-/c8-7.3.5.tgz#7d4a96cc05e0cc821ee6ded7cfb248e6eabdca2f"
  integrity sha512-VNiZoxnInBJLW8uUuyLkiqMKWh1OAsYS+DjWsMhvcrfGPrVx3vwqD9627/7ZhFSF86MCBINDi+PD6Midw0KHRg==
  dependencies:
    "@bcoe/v8-coverage" "^0.2.3"
    "@istanbuljs/schema" "^0.1.2"
    find-up "^5.0.0"
    foreground-child "^2.0.0"
    furi "^2.0.0"
    istanbul-lib-coverage "^3.0.0"
    istanbul-lib-report "^3.0.0"
    istanbul-reports "^3.0.2"
    rimraf "^3.0.0"
    test-exclude "^6.0.0"
    v8-to-istanbul "^7.0.0"
    yargs "^16.0.0"
    yargs-parser "^20.0.0"

chai@^4.2.0:
  version "4.2.0"
  resolved "https://registry.yarnpkg.com/chai/-/chai-4.2.0.tgz#760aa72cf20e3795e84b12877ce0e83737aa29e5"
  integrity sha512-XQU3bhBukrOsQCuwZndwGcCVQHyZi53fQ6Ys1Fym7E4olpIqqZZhhoFJoaKVvV17lWQoXYwgWN2nF5crA8J2jw==
  dependencies:
    assertion-error "^1.1.0"
    check-error "^1.0.2"
    deep-eql "^3.0.1"
    get-func-name "^2.0.0"
    pathval "^1.1.0"
    type-detect "^4.0.5"

check-error@^1.0.2:
  version "1.0.2"
  resolved "https://registry.yarnpkg.com/check-error/-/check-error-1.0.2.tgz#574d312edd88bb5dd8912e9286dd6c0aed4aac82"
  integrity sha1-V00xLt2Iu13YkS6Sht1sCu1KrII=

cliui@^7.0.2:
  version "7.0.4"
  resolved "https://registry.yarnpkg.com/cliui/-/cliui-7.0.4.tgz#a0265ee655476fc807aea9df3df8df7783808b4f"
  integrity sha512-OcRE68cOsVMXp1Yvonl/fzkQOyjLSu/8bhPDfQt0e0/Eb283TKP20Fs2MqoPsr9SwA595rRCA+QMzYc9nBP+JQ==
  dependencies:
    string-width "^4.2.0"
    strip-ansi "^6.0.0"
    wrap-ansi "^7.0.0"

color-convert@^2.0.1:
  version "2.0.1"
  resolved "https://registry.yarnpkg.com/color-convert/-/color-convert-2.0.1.tgz#72d3a68d598c9bdb3af2ad1e84f21d896abd4de3"
  integrity sha512-RRECPsj7iu/xb5oKYcsFHSppFNnsj/52OVTRKb4zP5onXwVF3zVmmToNcOfGC+CRDpfK/U584fMg38ZHCaElKQ==
  dependencies:
    color-name "~1.1.4"

color-name@~1.1.4:
  version "1.1.4"
  resolved "https://registry.yarnpkg.com/color-name/-/color-name-1.1.4.tgz#c2a09a87acbde69543de6f63fa3995c826c536a2"
  integrity sha512-dOy+3AuW3a2wNbZHIuMZpTcgjGuLU/uBL/ubcZF9OXbDo8ff4O8yVp5Bf0efS8uEoYo5q4Fx7dY9OgQGXgAsQA==

concat-map@0.0.1:
  version "0.0.1"
  resolved "https://registry.yarnpkg.com/concat-map/-/concat-map-0.0.1.tgz#d8a96bd77fd68df7793a73036a3ba0d5405d477b"
  integrity sha1-2Klr13/Wjfd5OnMDajug1UBdR3s=

convert-source-map@^1.6.0:
  version "1.7.0"
  resolved "https://registry.yarnpkg.com/convert-source-map/-/convert-source-map-1.7.0.tgz#17a2cb882d7f77d3490585e2ce6c524424a3a442"
  integrity sha512-4FJkXzKXEDB1snCFZlLP4gpC3JILicCpGbzG9f9G7tGqGCzETQ2hWPrcinA9oU4wtf2biUaEH5065UnMeR33oA==
  dependencies:
    safe-buffer "~5.1.1"

cross-spawn@^7.0.0:
  version "7.0.3"
  resolved "https://registry.yarnpkg.com/cross-spawn/-/cross-spawn-7.0.3.tgz#f73a85b9d5d41d045551c177e2882d4ac85728a6"
  integrity sha512-iRDPJKUPVEND7dHPO8rkbOnPpyDygcDFtWjpeWNCgy8WP2rXcxXL8TskReQl6OrB2G7+UJrags1q15Fudc7G6w==
  dependencies:
    path-key "^3.1.0"
    shebang-command "^2.0.0"
    which "^2.0.1"

deep-eql@^3.0.1:
  version "3.0.1"
  resolved "https://registry.yarnpkg.com/deep-eql/-/deep-eql-3.0.1.tgz#dfc9404400ad1c8fe023e7da1df1c147c4b444df"
  integrity sha512-+QeIQyN5ZuO+3Uk5DYh6/1eKO0m0YmJFGNmFHGACpf1ClL1nmlV/p4gNgbl2pJGxgXb4faqo6UE+M5ACEMyVcw==
  dependencies:
    type-detect "^4.0.0"

diff@^4.0.2:
  version "4.0.2"
  resolved "https://registry.yarnpkg.com/diff/-/diff-4.0.2.tgz#60f3aecb89d5fae520c11aa19efc2bb982aade7d"
  integrity sha512-58lmxKSA4BNyLz+HHMUzlOEpg09FV+ev6ZMe3vJihgdxzgcwZ8VoEEPmALCZG9LmqfVoNMMKpttIYTVG6uDY7A==

diff@^5.0.0:
  version "5.0.0"
  resolved "https://registry.yarnpkg.com/diff/-/diff-5.0.0.tgz#7ed6ad76d859d030787ec35855f5b1daf31d852b"
  integrity sha512-/VTCrvm5Z0JGty/BWHljh+BAiw3IK+2j87NGMu8Nwc/f48WoDAC395uomO9ZD117ZOBaHmkX1oyLvkVM/aIT3w==

emoji-regex@^8.0.0:
  version "8.0.0"
  resolved "https://registry.yarnpkg.com/emoji-regex/-/emoji-regex-8.0.0.tgz#e818fd69ce5ccfcb404594f842963bf53164cc37"
  integrity sha512-MSjYzcWNOA0ewAHpz0MxpYFvwg6yjy1NG3xteoqz644VCo/RPgnr1/GGt+ic3iJTzQ8Eu3TdM14SawnVUmGE6A==

escalade@^3.1.1:
  version "3.1.1"
  resolved "https://registry.yarnpkg.com/escalade/-/escalade-3.1.1.tgz#d8cfdc7000965c5a0174b4a82eaa5c0552742e40"
  integrity sha512-k0er2gUkLf8O0zKJiAhmkTnJlTvINGv7ygDNPbeIsX/TJjGJZHuh9B2UxbsaEkmlEo9MfhrSzmhIlhRlI2GXnw==

find-up@^5.0.0:
  version "5.0.0"
  resolved "https://registry.yarnpkg.com/find-up/-/find-up-5.0.0.tgz#4c92819ecb7083561e4f4a240a86be5198f536fc"
  integrity sha512-78/PXT1wlLLDgTzDs7sjq9hzz0vXD+zn+7wypEe4fXQxCmdmqfGsEPQxmiCSQI3ajFV91bVSsvNtrJRiW6nGng==
  dependencies:
    locate-path "^6.0.0"
    path-exists "^4.0.0"

foreground-child@^2.0.0:
  version "2.0.0"
  resolved "https://registry.yarnpkg.com/foreground-child/-/foreground-child-2.0.0.tgz#71b32800c9f15aa8f2f83f4a6bd9bff35d861a53"
  integrity sha512-dCIq9FpEcyQyXKCkyzmlPTFNgrCzPudOe+mhvJU5zAtlBnGVy2yKxtfsxK2tQBThwq225jcvBjpw1Gr40uzZCA==
  dependencies:
    cross-spawn "^7.0.0"
    signal-exit "^3.0.2"

fs.realpath@^1.0.0:
  version "1.0.0"
  resolved "https://registry.yarnpkg.com/fs.realpath/-/fs.realpath-1.0.0.tgz#1504ad2523158caa40db4a2787cb01411994ea4f"
  integrity sha1-FQStJSMVjKpA20onh8sBQRmU6k8=

furi@^2.0.0:
  version "2.0.0"
  resolved "https://registry.yarnpkg.com/furi/-/furi-2.0.0.tgz#13d85826a1af21acc691da6254b3888fc39f0b4a"
  integrity sha512-uKuNsaU0WVaK/vmvj23wW1bicOFfyqSsAIH71bRZx8kA4Xj+YCHin7CJKJJjkIsmxYaPFLk9ljmjEyB7xF7WvQ==
  dependencies:
    "@types/is-windows" "^1.0.0"
    is-windows "^1.0.2"

get-caller-file@^2.0.5:
  version "2.0.5"
  resolved "https://registry.yarnpkg.com/get-caller-file/-/get-caller-file-2.0.5.tgz#4f94412a82db32f36e3b0b9741f8a97feb031f7e"
  integrity sha512-DyFP3BM/3YHTQOCUL/w0OZHR0lpKeGrxotcHWcqNEdnltqFwXVfhEBQ94eIo34AfQpo0rGki4cyIiftY06h2Fg==

get-func-name@^2.0.0:
  version "2.0.0"
  resolved "https://registry.yarnpkg.com/get-func-name/-/get-func-name-2.0.0.tgz#ead774abee72e20409433a066366023dd6887a41"
  integrity sha1-6td0q+5y4gQJQzoGY2YCPdaIekE=

glob@^7.1.3, glob@^7.1.4, glob@^7.1.6:
  version "7.1.6"
  resolved "https://registry.yarnpkg.com/glob/-/glob-7.1.6.tgz#141f33b81a7c2492e125594307480c46679278a6"
  integrity sha512-LwaxwyZ72Lk7vZINtNNrywX0ZuLyStrdDtabefZKAY5ZGJhVtgdznluResxNmPitE0SAO+O26sWTHeKSI2wMBA==
  dependencies:
    fs.realpath "^1.0.0"
    inflight "^1.0.4"
    inherits "2"
    minimatch "^3.0.4"
    once "^1.3.0"
    path-is-absolute "^1.0.0"

has-flag@^4.0.0:
  version "4.0.0"
  resolved "https://registry.yarnpkg.com/has-flag/-/has-flag-4.0.0.tgz#944771fd9c81c81265c4d6941860da06bb59479b"
  integrity sha512-EykJT/Q1KjTWctppgIAgfSO0tKVuZUjhgMr17kqTumMl6Afv3EISleU7qZUzoXDFTAHTDC4NOoG/ZxU3EvlMPQ==

html-escaper@^2.0.0:
  version "2.0.2"
  resolved "https://registry.yarnpkg.com/html-escaper/-/html-escaper-2.0.2.tgz#dfd60027da36a36dfcbe236262c00a5822681453"
  integrity sha512-H2iMtd0I4Mt5eYiapRdIDjp+XzelXQ0tFE4JS7YFwFevXXMmOp9myNrUvCg0D6ws8iqkRPBfKHgbwig1SmlLfg==

inflight@^1.0.4:
  version "1.0.6"
  resolved "https://registry.yarnpkg.com/inflight/-/inflight-1.0.6.tgz#49bd6331d7d02d0c09bc910a1075ba8165b56df9"
  integrity sha1-Sb1jMdfQLQwJvJEKEHW6gWW1bfk=
  dependencies:
    once "^1.3.0"
    wrappy "1"

inherits@2:
  version "2.0.4"
  resolved "https://registry.yarnpkg.com/inherits/-/inherits-2.0.4.tgz#0fa2c64f932917c3433a0ded55363aae37416b7c"
  integrity sha512-k/vGaX4/Yla3WzyMCvTQOXYeIHvqOKtnqBduzTHpzpQZzAskKMhZ2K+EnBiSM9zGSoIFeMpXKxa4dYeZIQqewQ==

is-fullwidth-code-point@^3.0.0:
  version "3.0.0"
  resolved "https://registry.yarnpkg.com/is-fullwidth-code-point/-/is-fullwidth-code-point-3.0.0.tgz#f116f8064fe90b3f7844a38997c0b75051269f1d"
  integrity sha512-zymm5+u+sCsSWyD9qNaejV3DFvhCKclKdizYaJUuHA83RLjb7nSuGnddCHGv0hk+KY7BMAlsWeK4Ueg6EV6XQg==

is-windows@^1.0.2:
  version "1.0.2"
  resolved "https://registry.yarnpkg.com/is-windows/-/is-windows-1.0.2.tgz#d1850eb9791ecd18e6182ce12a30f396634bb19d"
  integrity sha512-eXK1UInq2bPmjyX6e3VHIzMLobc4J94i4AWn+Hpq3OU5KkrRC96OAcR3PRJ/pGu6m8TRnBHP9dkXQVsT/COVIA==

isarray@0.0.1:
  version "0.0.1"
  resolved "https://registry.yarnpkg.com/isarray/-/isarray-0.0.1.tgz#8a18acfca9a8f4177e09abfc6038939b05d1eedf"
  integrity sha1-ihis/Kmo9Bd+Cav8YDiTmwXR7t8=

isexe@^2.0.0:
  version "2.0.0"
  resolved "https://registry.yarnpkg.com/isexe/-/isexe-2.0.0.tgz#e8fbf374dc556ff8947a10dcb0572d633f2cfa10"
  integrity sha1-6PvzdNxVb/iUehDcsFctYz8s+hA=

istanbul-lib-coverage@^3.0.0:
  version "3.0.0"
  resolved "https://registry.yarnpkg.com/istanbul-lib-coverage/-/istanbul-lib-coverage-3.0.0.tgz#f5944a37c70b550b02a78a5c3b2055b280cec8ec"
  integrity sha512-UiUIqxMgRDET6eR+o5HbfRYP1l0hqkWOs7vNxC/mggutCMUIhWMm8gAHb8tHlyfD3/l6rlgNA5cKdDzEAf6hEg==

istanbul-lib-report@^3.0.0:
  version "3.0.0"
  resolved "https://registry.yarnpkg.com/istanbul-lib-report/-/istanbul-lib-report-3.0.0.tgz#7518fe52ea44de372f460a76b5ecda9ffb73d8a6"
  integrity sha512-wcdi+uAKzfiGT2abPpKZ0hSU1rGQjUQnLvtY5MpQ7QCTahD3VODhcu4wcfY1YtkGaDD5yuydOLINXsfbus9ROw==
  dependencies:
    istanbul-lib-coverage "^3.0.0"
    make-dir "^3.0.0"
    supports-color "^7.1.0"

istanbul-reports@^3.0.2:
  version "3.0.2"
  resolved "https://registry.yarnpkg.com/istanbul-reports/-/istanbul-reports-3.0.2.tgz#d593210e5000683750cb09fc0644e4b6e27fd53b"
  integrity sha512-9tZvz7AiR3PEDNGiV9vIouQ/EAcqMXFmkcA1CDFTwOB98OZVDL0PH9glHotf5Ugp6GCOTypfzGWI/OqjWNCRUw==
  dependencies:
    html-escaper "^2.0.0"
    istanbul-lib-report "^3.0.0"

just-extend@^4.0.2:
  version "4.1.1"
  resolved "https://registry.yarnpkg.com/just-extend/-/just-extend-4.1.1.tgz#158f1fdb01f128c411dc8b286a7b4837b3545282"
  integrity sha512-aWgeGFW67BP3e5181Ep1Fv2v8z//iBJfrvyTnq8wG86vEESwmonn1zPBJ0VfmT9CJq2FIT0VsETtrNFm2a+SHA==

locate-path@^6.0.0:
  version "6.0.0"
  resolved "https://registry.yarnpkg.com/locate-path/-/locate-path-6.0.0.tgz#55321eb309febbc59c4801d931a72452a681d286"
  integrity sha512-iPZK6eYjbxRu3uB4/WZ3EsEIMJFMqAoopl3R+zuq0UjcAm/MO6KCweDgPfP3elTztoKP3KtnVHxTn2NHBSDVUw==
  dependencies:
    p-locate "^5.0.0"

lodash.get@^4.4.2:
  version "4.4.2"
  resolved "https://registry.yarnpkg.com/lodash.get/-/lodash.get-4.4.2.tgz#2d177f652fa31e939b4438d5341499dfa3825e99"
  integrity sha1-LRd/ZS+jHpObRDjVNBSZ36OCXpk=

make-dir@^3.0.0:
  version "3.1.0"
  resolved "https://registry.yarnpkg.com/make-dir/-/make-dir-3.1.0.tgz#415e967046b3a7f1d185277d84aa58203726a13f"
  integrity sha512-g3FeP20LNwhALb/6Cz6Dd4F2ngze0jz7tbzrD2wAV+o9FeNHe4rL+yK2md0J/fiSf1sa1ADhXqi5+oVwOM/eGw==
  dependencies:
    semver "^6.0.0"

minimatch@^3.0.4:
  version "3.0.4"
  resolved "https://registry.yarnpkg.com/minimatch/-/minimatch-3.0.4.tgz#5166e286457f03306064be5497e8dbb0c3d32083"
  integrity sha512-yJHVQEhyqPLUTgt9B83PXu6W3rx4MvvHvSUvToogpwoGDOUQ+yDrR0HRot+yOCdCO7u4hX3pWft6kWBBcqh0UA==
  dependencies:
    brace-expansion "^1.1.7"

nise@^4.0.4:
  version "4.0.4"
  resolved "https://registry.yarnpkg.com/nise/-/nise-4.0.4.tgz#d73dea3e5731e6561992b8f570be9e363c4512dd"
  integrity sha512-bTTRUNlemx6deJa+ZyoCUTRvH3liK5+N6VQZ4NIw90AgDXY6iPnsqplNFf6STcj+ePk0H/xqxnP75Lr0J0Fq3A==
  dependencies:
    "@sinonjs/commons" "^1.7.0"
    "@sinonjs/fake-timers" "^6.0.0"
    "@sinonjs/text-encoding" "^0.7.1"
    just-extend "^4.0.2"
    path-to-regexp "^1.7.0"

node-modules-regexp@^1.0.0:
  version "1.0.0"
  resolved "https://registry.yarnpkg.com/node-modules-regexp/-/node-modules-regexp-1.0.0.tgz#8d9dbe28964a4ac5712e9131642107c71e90ec40"
  integrity sha1-jZ2+KJZKSsVxLpExZCEHxx6Q7EA=

once@^1.3.0:
  version "1.4.0"
  resolved "https://registry.yarnpkg.com/once/-/once-1.4.0.tgz#583b1aa775961d4b113ac17d9c50baef9dd76bd1"
  integrity sha1-WDsap3WWHUsROsF9nFC6753Xa9E=
  dependencies:
    wrappy "1"

p-limit@^3.0.2:
  version "3.0.2"
  resolved "https://registry.yarnpkg.com/p-limit/-/p-limit-3.0.2.tgz#1664e010af3cadc681baafd3e2a437be7b0fb5fe"
  integrity sha512-iwqZSOoWIW+Ew4kAGUlN16J4M7OB3ysMLSZtnhmqx7njIHFPlxWBX8xo3lVTyFVq6mI/lL9qt2IsN1sHwaxJkg==
  dependencies:
    p-try "^2.0.0"

p-locate@^5.0.0:
  version "5.0.0"
  resolved "https://registry.yarnpkg.com/p-locate/-/p-locate-5.0.0.tgz#83c8315c6785005e3bd021839411c9e110e6d834"
  integrity sha512-LaNjtRWUBY++zB5nE/NwcaoMylSPk+S+ZHNB1TzdbMJMny6dynpAGt7X/tl/QYq3TIeE6nxHppbo2LGymrG5Pw==
  dependencies:
    p-limit "^3.0.2"

p-try@^2.0.0:
  version "2.2.0"
  resolved "https://registry.yarnpkg.com/p-try/-/p-try-2.2.0.tgz#cb2868540e313d61de58fafbe35ce9004d5540e6"
  integrity sha512-R4nPAVTAU0B9D35/Gk3uJf/7XYbQcyohSKdvAxIRSNghFl4e71hVoGnBNQz9cWaXxO2I10KTC+3jMdvvoKw6dQ==

path-exists@^4.0.0:
  version "4.0.0"
  resolved "https://registry.yarnpkg.com/path-exists/-/path-exists-4.0.0.tgz#513bdbe2d3b95d7762e8c1137efa195c6c61b5b3"
  integrity sha512-ak9Qy5Q7jYb2Wwcey5Fpvg2KoAc/ZIhLSLOSBmRmygPsGwkVVt0fZa0qrtMz+m6tJTAHfZQ8FnmB4MG4LWy7/w==

path-is-absolute@^1.0.0:
  version "1.0.1"
  resolved "https://registry.yarnpkg.com/path-is-absolute/-/path-is-absolute-1.0.1.tgz#174b9268735534ffbc7ace6bf53a5a9e1b5c5f5f"
  integrity sha1-F0uSaHNVNP+8es5r9TpanhtcX18=

path-key@^3.1.0:
  version "3.1.1"
  resolved "https://registry.yarnpkg.com/path-key/-/path-key-3.1.1.tgz#581f6ade658cbba65a0d3380de7753295054f375"
  integrity sha512-ojmeN0qd+y0jszEtoY48r0Peq5dwMEkIlCOu6Q5f41lfkswXuKtYrhgoTpLnyIcHm24Uhqx+5Tqm2InSwLhE6Q==

path-to-regexp@^1.7.0:
  version "1.8.0"
  resolved "https://registry.yarnpkg.com/path-to-regexp/-/path-to-regexp-1.8.0.tgz#887b3ba9d84393e87a0a0b9f4cb756198b53548a"
  integrity sha512-n43JRhlUKUAlibEJhPeir1ncUID16QnEjNpwzNdO3Lm4ywrBpBZ5oLD0I6br9evr1Y9JTqwRtAh7JLoOzAQdVA==
  dependencies:
    isarray "0.0.1"

pathval@^1.1.0:
  version "1.1.1"
  resolved "https://registry.yarnpkg.com/pathval/-/pathval-1.1.1.tgz#8534e77a77ce7ac5a2512ea21e0fdb8fcf6c3d8d"
  integrity sha512-Dp6zGqpTdETdR63lehJYPeIOqpiNBNtc7BpWSLrOje7UaIsE5aY92r/AunQA7rsXvet3lrJ3JnZX29UPTKXyKQ==

pirates@^4.0.1:
  version "4.0.1"
  resolved "https://registry.yarnpkg.com/pirates/-/pirates-4.0.1.tgz#643a92caf894566f91b2b986d2c66950a8e2fb87"
  integrity sha512-WuNqLTbMI3tmfef2TKxlQmAiLHKtFhlsCZnPIpuv2Ow0RDVO8lfy1Opf4NUzlMXLjPl+Men7AuVdX6TA+s+uGA==
  dependencies:
    node-modules-regexp "^1.0.0"

prettier@^2.2.0:
  version "2.2.0"
  resolved "https://registry.yarnpkg.com/prettier/-/prettier-2.2.0.tgz#8a03c7777883b29b37fb2c4348c66a78e980418b"
  integrity sha512-yYerpkvseM4iKD/BXLYUkQV5aKt4tQPqaGW6EsZjzyu0r7sVZZNPJW4Y8MyKmicp6t42XUPcBVA+H6sB3gqndw==

require-directory@^2.1.1:
  version "2.1.1"
  resolved "https://registry.yarnpkg.com/require-directory/-/require-directory-2.1.1.tgz#8c64ad5fd30dab1c976e2344ffe7f792a6a6df42"
  integrity sha1-jGStX9MNqxyXbiNE/+f3kqam30I=

rimraf@^3.0.0:
  version "3.0.2"
  resolved "https://registry.yarnpkg.com/rimraf/-/rimraf-3.0.2.tgz#f1a5402ba6220ad52cc1282bac1ae3aa49fd061a"
  integrity sha512-JZkJMZkAGFFPP2YqXZXPbMlMBgsxzE8ILs4lMIX/2o0L9UBw9O/Y3o6wFw/i9YLapcUJWwqbi3kdxIPdC62TIA==
  dependencies:
    glob "^7.1.3"

safe-buffer@~5.1.1:
  version "5.1.2"
  resolved "https://registry.yarnpkg.com/safe-buffer/-/safe-buffer-5.1.2.tgz#991ec69d296e0313747d59bdfd2b745c35f8828d"
  integrity sha512-Gd2UZBJDkXlY7GbJxfsE8/nvKkUEU1G38c1siN6QP6a9PT9MmHB8GnpscSmMJSoF8LOIrt8ud/wPtojys4G6+g==

semver@^6.0.0:
  version "6.3.0"
  resolved "https://registry.yarnpkg.com/semver/-/semver-6.3.0.tgz#ee0a64c8af5e8ceea67687b133761e1becbd1d3d"
  integrity sha512-b39TBaTSfV6yBrapU89p5fKekE2m/NwnDocOVruQFS1/veMgdzuPcnOM34M6CwxW8jH/lxEa5rBoDeUwu5HHTw==

shebang-command@^2.0.0:
  version "2.0.0"
  resolved "https://registry.yarnpkg.com/shebang-command/-/shebang-command-2.0.0.tgz#ccd0af4f8835fbdc265b82461aaf0c36663f34ea"
  integrity sha512-kHxr2zZpYtdmrN1qDjrrX/Z1rR1kG8Dx+gkpK1G4eXmvXswmcE1hTWBWYUzlraYw1/yZp6YuDY77YtvbN0dmDA==
  dependencies:
    shebang-regex "^3.0.0"

shebang-regex@^3.0.0:
  version "3.0.0"
  resolved "https://registry.yarnpkg.com/shebang-regex/-/shebang-regex-3.0.0.tgz#ae16f1644d873ecad843b0307b143362d4c42172"
  integrity sha512-7++dFhtcx3353uBaq8DDR4NuxBetBzC7ZQOhmTQInHEd6bSrXdiEyzCvG07Z44UYdLShWUyXt5M/yhz8ekcb1A==

signal-exit@^3.0.2:
  version "3.0.3"
  resolved "https://registry.yarnpkg.com/signal-exit/-/signal-exit-3.0.3.tgz#a1410c2edd8f077b08b4e253c8eacfcaf057461c"
  integrity sha512-VUJ49FC8U1OxwZLxIbTTrDvLnf/6TDgxZcK8wxR8zs13xpx7xbG60ndBlhNrFi2EMuFRoeDoJO7wthSLq42EjA==

sinon-chai@^3.5.0:
  version "3.5.0"
  resolved "https://registry.yarnpkg.com/sinon-chai/-/sinon-chai-3.5.0.tgz#c9a78304b0e15befe57ef68e8a85a00553f5c60e"
  integrity sha512-IifbusYiQBpUxxFJkR3wTU68xzBN0+bxCScEaKMjBvAQERg6FnTTc1F17rseLb1tjmkJ23730AXpFI0c47FgAg==

sinon@^9.2.1:
  version "9.2.1"
  resolved "https://registry.yarnpkg.com/sinon/-/sinon-9.2.1.tgz#64cc88beac718557055bd8caa526b34a2231be6d"
  integrity sha512-naPfsamB5KEE1aiioaoqJ6MEhdUs/2vtI5w1hPAXX/UwvoPjXcwh1m5HiKx0HGgKR8lQSoFIgY5jM6KK8VrS9w==
  dependencies:
    "@sinonjs/commons" "^1.8.1"
    "@sinonjs/fake-timers" "^6.0.1"
    "@sinonjs/formatio" "^5.0.1"
    "@sinonjs/samsam" "^5.2.0"
    diff "^4.0.2"
    nise "^4.0.4"
    supports-color "^7.1.0"

source-map@^0.7.3:
  version "0.7.3"
  resolved "https://registry.yarnpkg.com/source-map/-/source-map-0.7.3.tgz#5302f8169031735226544092e64981f751750383"
  integrity sha512-CkCj6giN3S+n9qrYiBTX5gystlENnRW5jZeNLHpe6aue+SrHcG5VYwujhW9s4dY31mEGsxBDrHR6oI69fTXsaQ==

string-width@^4.1.0, string-width@^4.2.0:
  version "4.2.0"
  resolved "https://registry.yarnpkg.com/string-width/-/string-width-4.2.0.tgz#952182c46cc7b2c313d1596e623992bd163b72b5"
  integrity sha512-zUz5JD+tgqtuDjMhwIg5uFVV3dtqZ9yQJlZVfq4I01/K5Paj5UHj7VyrQOJvzawSVlKpObApbfD0Ed6yJc+1eg==
  dependencies:
    emoji-regex "^8.0.0"
    is-fullwidth-code-point "^3.0.0"
    strip-ansi "^6.0.0"

strip-ansi@^6.0.0:
  version "6.0.0"
  resolved "https://registry.yarnpkg.com/strip-ansi/-/strip-ansi-6.0.0.tgz#0b1571dd7669ccd4f3e06e14ef1eed26225ae532"
  integrity sha512-AuvKTrTfQNYNIctbR1K/YGTR1756GycPsg7b9bdV9Duqur4gv6aKqHXah67Z8ImS7WEz5QVcOtlfW2rZEugt6w==
  dependencies:
    ansi-regex "^5.0.0"

supports-color@^7.1.0:
  version "7.2.0"
  resolved "https://registry.yarnpkg.com/supports-color/-/supports-color-7.2.0.tgz#1b7dcdcb32b8138801b3e478ba6a51caa89648da"
  integrity sha512-qpCAvRl9stuOHveKsn7HncJRvv501qIacKzQlO/+Lwxc9+0q2wLyv4Dfvt80/DPn2pqOBsJdDiogXGR9+OvwRw==
  dependencies:
    has-flag "^4.0.0"

test-exclude@^6.0.0:
  version "6.0.0"
  resolved "https://registry.yarnpkg.com/test-exclude/-/test-exclude-6.0.0.tgz#04a8698661d805ea6fa293b6cb9e63ac044ef15e"
  integrity sha512-cAGWPIyOHU6zlmg88jwm7VRyXnMN7iV68OGAbYDk/Mh/xC/pzVPlQtY6ngoIH/5/tciuhGfvESU8GrHrcxD56w==
  dependencies:
    "@istanbuljs/schema" "^0.1.2"
    glob "^7.1.4"
    minimatch "^3.0.4"

type-detect@4.0.8, type-detect@^4.0.0, type-detect@^4.0.5, type-detect@^4.0.8:
  version "4.0.8"
  resolved "https://registry.yarnpkg.com/type-detect/-/type-detect-4.0.8.tgz#7646fb5f18871cfbb7749e69bd39a6388eb7450c"
  integrity sha512-0fr/mIH1dlO+x7TlcMy+bIDqKPsw/70tVyeHW787goQjhmqaZe10uwLujubK9q9Lg6Fiho1KUKDYz0Z7k7g5/g==

v8-to-istanbul@^7.0.0:
  version "7.0.0"
  resolved "https://registry.yarnpkg.com/v8-to-istanbul/-/v8-to-istanbul-7.0.0.tgz#b4fe00e35649ef7785a9b7fcebcea05f37c332fc"
  integrity sha512-fLL2rFuQpMtm9r8hrAV2apXX/WqHJ6+IC4/eQVdMDGBUgH/YMV4Gv3duk3kjmyg6uiQWBAA9nJwue4iJUOkHeA==
  dependencies:
    "@types/istanbul-lib-coverage" "^2.0.1"
    convert-source-map "^1.6.0"
    source-map "^0.7.3"

which@^2.0.1:
  version "2.0.2"
  resolved "https://registry.yarnpkg.com/which/-/which-2.0.2.tgz#7c6a8dd0a636a0327e10b59c9286eee93f3f51b1"
  integrity sha512-BLI3Tl1TW3Pvl70l3yq3Y64i+awpwXqsGBYWkkqMtnbXgrMD+yj7rhW0kuEDxzJaYXGjEW5ogapKNMEKNMjibA==
  dependencies:
    isexe "^2.0.0"

wrap-ansi@^7.0.0:
  version "7.0.0"
  resolved "https://registry.yarnpkg.com/wrap-ansi/-/wrap-ansi-7.0.0.tgz#67e145cff510a6a6984bdf1152911d69d2eb9e43"
  integrity sha512-YVGIj2kamLSTxw6NsZjoBxfSwsn0ycdesmc4p+Q21c5zPuZ1pl+NfxVdxPtdHvmNVOQ6XSYG4AUtyt/Fi7D16Q==
  dependencies:
    ansi-styles "^4.0.0"
    string-width "^4.1.0"
    strip-ansi "^6.0.0"

wrappy@1:
  version "1.0.2"
  resolved "https://registry.yarnpkg.com/wrappy/-/wrappy-1.0.2.tgz#b5243d8f3ec1aa35f1364605bc0d1036e30ab69f"
  integrity sha1-tSQ9jz7BqjXxNkYFvA0QNuMKtp8=

y18n@^5.0.5:
  version "5.0.5"
  resolved "https://registry.yarnpkg.com/y18n/-/y18n-5.0.5.tgz#8769ec08d03b1ea2df2500acef561743bbb9ab18"
  integrity sha512-hsRUr4FFrvhhRH12wOdfs38Gy7k2FFzB9qgN9v3aLykRq0dRcdcpz5C9FxdS2NuhOrI/628b/KSTJ3rwHysYSg==

yargs-parser@^20.0.0, yargs-parser@^20.2.2:
  version "20.2.4"
  resolved "https://registry.yarnpkg.com/yargs-parser/-/yargs-parser-20.2.4.tgz#b42890f14566796f85ae8e3a25290d205f154a54"
  integrity sha512-WOkpgNhPTlE73h4VFAFsOnomJVaovO8VqLDzy5saChRBFQFBoMYirowyW+Q9HB4HFF4Z7VZTiG3iSzJJA29yRA==

yargs@^16.0.0:
  version "16.1.1"
  resolved "https://registry.yarnpkg.com/yargs/-/yargs-16.1.1.tgz#5a4a095bd1ca806b0a50d0c03611d38034d219a1"
  integrity sha512-hAD1RcFP/wfgfxgMVswPE+z3tlPFtxG8/yWUrG2i17sTWGCGqWnxKcLTF4cUKDUK8fzokwsmO9H0TDkRbMHy8w==
  dependencies:
    cliui "^7.0.2"
    escalade "^3.1.1"
    get-caller-file "^2.0.5"
    require-directory "^2.1.1"
    string-width "^4.2.0"
    y18n "^5.0.5"
    yargs-parser "^20.2.2"
